
Microsoft Visual Studio Solution File, Format Version 12.00
# Visual Studio Version 17
VisualStudioVersion = 17.0.31919.166
MinimumVisualStudioVersion = 10.0.40219.1
Project("{9A19103F-16F7-4668-BE54-9A1E7A4F7556}") = "ChatZKLJ", "ChatZKLJ\ChatZKLJ.csproj", "{BB684B36-DEEF-4712-A862-1CF00B1A7901}"
EndProject
Global
	GlobalSection(SolutionConfigurationPlatforms) = preSolution
		Debug|Any CPU = Debug|Any CPU
		Release|Any CPU = Release|Any CPU
	EndGlobalSection
	GlobalSection(ProjectConfigurationPlatforms) = postSolution
		{BB684B36-DEEF-4712-A862-1CF00B1A7901}.Debug|Any CPU.ActiveCfg = Debug|Any CPU
		{BB684B36-DEEF-4712-A862-1CF00B1A7901}.Debug|Any CPU.Build.0 = Debug|Any CPU
		{BB684B36-DEEF-4712-A862-1CF00B1A7901}.Release|Any CPU.ActiveCfg = Release|Any CPU
		{BB684B36-DEEF-4712-A862-1CF00B1A7901}.Release|Any CPU.Build.0 = Release|Any CPU
	EndGlobalSection
	GlobalSection(SolutionProperties) = preSolution
		HideSolutionNode = FALSE
	EndGlobalSection
	GlobalSection(ExtensibilityGlobals) = postSolution
		SolutionGuid = {F6080ECE-D2E7-403D-ABDB-459E0BD93B73}
	EndGlobalSection
EndGlobal
